
Microsoft Visual Studio Solution File, Format Version 12.00
Project("{FAE04EC0-301F-11D3-BF4B-00C04F79EFBC}") = "Skat.KawkaProject.UI", "Skat.KawkaProject.UI\Skat.KawkaProject.UI.csproj", "{E4533EBE-47FC-4F3F-883F-8448AEAC06E7}"
EndProject
Project("{FAE04EC0-301F-11D3-BF4B-00C04F79EFBC}") = "Skat.KawkaProject.Core", "Skat.KawkaProject.Core\Skat.KawkaProject.Core.csproj", "{9DDBD274-4297-4273-8627-4814EDD68FBE}"
EndProject
Project("{FAE04EC0-301F-11D3-BF4B-00C04F79EFBC}") = "Skat.KawkaProject.Kafka", "Skat.KawkaProject.Kafka\Skat.KawkaProject.Kafka.csproj", "{3B4E0436-533F-4DF4-8F38-AEB52F0A2F0C}"
EndProject
Project("{FAE04EC0-301F-11D3-BF4B-00C04F79EFBC}") = "Skat.KawkaProject.Core.Tests", "Skat.KawkaProject.Core.Tests\Skat.KawkaProject.Core.Tests.csproj", "{34B97BB6-D7BC-4298-A3D1-EA52E1C8ABF9}"
EndProject
Project("{FAE04EC0-301F-11D3-BF4B-00C04F79EFBC}") = "Skat.KawkaProject.Kafka.Tests", "Skat.KawkaProject.Kafka.Tests\Skat.KawkaProject.Kafka.Tests.csproj", "{D639A861-52A0-4E71-8976-3DC02AFF625A}"
EndProject
Global
	GlobalSection(SolutionConfigurationPlatforms) = preSolution
		Debug|Any CPU = Debug|Any CPU
		Debug|x64 = Debug|x64
		Debug|x86 = Debug|x86
		Release|Any CPU = Release|Any CPU
		Release|x64 = Release|x64
		Release|x86 = Release|x86
	EndGlobalSection
	GlobalSection(ProjectConfigurationPlatforms) = postSolution
		{E4533EBE-47FC-4F3F-883F-8448AEAC06E7}.Debug|Any CPU.ActiveCfg = Debug|Any CPU
		{E4533EBE-47FC-4F3F-883F-8448AEAC06E7}.Debug|Any CPU.Build.0 = Debug|Any CPU
		{E4533EBE-47FC-4F3F-883F-8448AEAC06E7}.Debug|x64.ActiveCfg = Debug|Any CPU
		{E4533EBE-47FC-4F3F-883F-8448AEAC06E7}.Debug|x64.Build.0 = Debug|Any CPU
		{E4533EBE-47FC-4F3F-883F-8448AEAC06E7}.Debug|x86.ActiveCfg = Debug|Any CPU
		{E4533EBE-47FC-4F3F-883F-8448AEAC06E7}.Debug|x86.Build.0 = Debug|Any CPU
		{E4533EBE-47FC-4F3F-883F-8448AEAC06E7}.Release|Any CPU.ActiveCfg = Release|Any CPU
		{E4533EBE-47FC-4F3F-883F-8448AEAC06E7}.Release|Any CPU.Build.0 = Release|Any CPU
		{E4533EBE-47FC-4F3F-883F-8448AEAC06E7}.Release|x64.ActiveCfg = Release|Any CPU
		{E4533EBE-47FC-4F3F-883F-8448AEAC06E7}.Release|x64.Build.0 = Release|Any CPU
		{E4533EBE-47FC-4F3F-883F-8448AEAC06E7}.Release|x86.ActiveCfg = Release|Any CPU
		{E4533EBE-47FC-4F3F-883F-8448AEAC06E7}.Release|x86.Build.0 = Release|Any CPU
		{9DDBD274-4297-4273-8627-4814EDD68FBE}.Debug|Any CPU.ActiveCfg = Debug|Any CPU
		{9DDBD274-4297-4273-8627-4814EDD68FBE}.Debug|Any CPU.Build.0 = Debug|Any CPU
		{9DDBD274-4297-4273-8627-4814EDD68FBE}.Debug|x64.ActiveCfg = Debug|Any CPU
		{9DDBD274-4297-4273-8627-4814EDD68FBE}.Debug|x64.Build.0 = Debug|Any CPU
		{9DDBD274-4297-4273-8627-4814EDD68FBE}.Debug|x86.ActiveCfg = Debug|Any CPU
		{9DDBD274-4297-4273-8627-4814EDD68FBE}.Debug|x86.Build.0 = Debug|Any CPU
		{9DDBD274-4297-4273-8627-4814EDD68FBE}.Release|Any CPU.ActiveCfg = Release|Any CPU
		{9DDBD274-4297-4273-8627-4814EDD68FBE}.Release|Any CPU.Build.0 = Release|Any CPU
		{9DDBD274-4297-4273-8627-4814EDD68FBE}.Release|x64.ActiveCfg = Release|Any CPU
		{9DDBD274-4297-4273-8627-4814EDD68FBE}.Release|x64.Build.0 = Release|Any CPU
		{9DDBD274-4297-4273-8627-4814EDD68FBE}.Release|x86.ActiveCfg = Release|Any CPU
		{9DDBD274-4297-4273-8627-4814EDD68FBE}.Release|x86.Build.0 = Release|Any CPU
		{3B4E0436-533F-4DF4-8F38-AEB52F0A2F0C}.Debug|Any CPU.ActiveCfg = Debug|Any CPU
		{3B4E0436-533F-4DF4-8F38-AEB52F0A2F0C}.Debug|Any CPU.Build.0 = Debug|Any CPU
		{3B4E0436-533F-4DF4-8F38-AEB52F0A2F0C}.Debug|x64.ActiveCfg = Debug|Any CPU
		{3B4E0436-533F-4DF4-8F38-AEB52F0A2F0C}.Debug|x64.Build.0 = Debug|Any CPU
		{3B4E0436-533F-4DF4-8F38-AEB52F0A2F0C}.Debug|x86.ActiveCfg = Debug|Any CPU
		{3B4E0436-533F-4DF4-8F38-AEB52F0A2F0C}.Debug|x86.Build.0 = Debug|Any CPU
		{3B4E0436-533F-4DF4-8F38-AEB52F0A2F0C}.Release|Any CPU.ActiveCfg = Release|Any CPU
		{3B4E0436-533F-4DF4-8F38-AEB52F0A2F0C}.Release|Any CPU.Build.0 = Release|Any CPU
		{3B4E0436-533F-4DF4-8F38-AEB52F0A2F0C}.Release|x64.ActiveCfg = Release|Any CPU
		{3B4E0436-533F-4DF4-8F38-AEB52F0A2F0C}.Release|x64.Build.0 = Release|Any CPU
		{3B4E0436-533F-4DF4-8F38-AEB52F0A2F0C}.Release|x86.ActiveCfg = Release|Any CPU
		{3B4E0436-533F-4DF4-8F38-AEB52F0A2F0C}.Release|x86.Build.0 = Release|Any CPU
		{34B97BB6-D7BC-4298-A3D1-EA52E1C8ABF9}.Debug|Any CPU.ActiveCfg = Debug|Any CPU
		{34B97BB6-D7BC-4298-A3D1-EA52E1C8ABF9}.Debug|Any CPU.Build.0 = Debug|Any CPU
		{34B97BB6-D7BC-4298-A3D1-EA52E1C8ABF9}.Debug|x64.ActiveCfg = Debug|Any CPU
		{34B97BB6-D7BC-4298-A3D1-EA52E1C8ABF9}.Debug|x64.Build.0 = Debug|Any CPU
		{34B97BB6-D7BC-4298-A3D1-EA52E1C8ABF9}.Debug|x86.ActiveCfg = Debug|Any CPU
		{34B97BB6-D7BC-4298-A3D1-EA52E1C8ABF9}.Debug|x86.Build.0 = Debug|Any CPU
		{34B97BB6-D7BC-4298-A3D1-EA52E1C8ABF9}.Release|Any CPU.ActiveCfg = Release|Any CPU
		{34B97BB6-D7BC-4298-A3D1-EA52E1C8ABF9}.Release|Any CPU.Build.0 = Release|Any CPU
		{34B97BB6-D7BC-4298-A3D1-EA52E1C8ABF9}.Release|x64.ActiveCfg = Release|Any CPU
		{34B97BB6-D7BC-4298-A3D1-EA52E1C8ABF9}.Release|x64.Build.0 = Release|Any CPU
		{34B97BB6-D7BC-4298-A3D1-EA52E1C8ABF9}.Release|x86.ActiveCfg = Release|Any CPU
		{34B97BB6-D7BC-4298-A3D1-EA52E1C8ABF9}.Release|x86.Build.0 = Release|Any CPU
		{D639A861-52A0-4E71-8976-3DC02AFF625A}.Debug|Any CPU.ActiveCfg = Debug|Any CPU
		{D639A861-52A0-4E71-8976-3DC02AFF625A}.Debug|Any CPU.Build.0 = Debug|Any CPU
		{D639A861-52A0-4E71-8976-3DC02AFF625A}.Debug|x64.ActiveCfg = Debug|Any CPU
		{D639A861-52A0-4E71-8976-3DC02AFF625A}.Debug|x64.Build.0 = Debug|Any CPU
		{D639A861-52A0-4E71-8976-3DC02AFF625A}.Debug|x86.ActiveCfg = Debug|Any CPU
		{D639A861-52A0-4E71-8976-3DC02AFF625A}.Debug|x86.Build.0 = Debug|Any CPU
		{D639A861-52A0-4E71-8976-3DC02AFF625A}.Release|Any CPU.ActiveCfg = Release|Any CPU
		{D639A861-52A0-4E71-8976-3DC02AFF625A}.Release|Any CPU.Build.0 = Release|Any CPU
		{D639A861-52A0-4E71-8976-3DC02AFF625A}.Release|x64.ActiveCfg = Release|Any CPU
		{D639A861-52A0-4E71-8976-3DC02AFF625A}.Release|x64.Build.0 = Release|Any CPU
		{D639A861-52A0-4E71-8976-3DC02AFF625A}.Release|x86.ActiveCfg = Release|Any CPU
		{D639A861-52A0-4E71-8976-3DC02AFF625A}.Release|x86.Build.0 = Release|Any CPU
	EndGlobalSection
	GlobalSection(SolutionProperties) = preSolution
		HideSolutionNode = FALSE
	EndGlobalSection
EndGlobal
